Microsoft Visual Studio Solution File, Format Version 12.00
# Visual Studio Version 17
VisualStudioVersion = 17.0.31903.59
MinimumVisualStudioVersion = 10.0.40219.1
Project("{2150E333-8FDC-42A3-9474-1A3956D46DE8}") = "src", "src", "{1D1F4C2A-6B23-4E51-9B7E-2C4A8F6D0011}"
EndProject
Project("{2150E333-8FDC-42A3-9474-1A3956D46DE8}") = "tests", "tests", "{1D1F4C2A-6B23-4E51-9B7E-2C4A8F6D0022}"
EndProject
Project("{9A19103F-16F7-4668-BE54-9A1E7A4F7556}") = "NetZapret.Core", "src\NetZapret.Core\NetZapret.Core.csproj", "{B56D3878-EF0A-4B22-BCEA-77BE7448A098}"
EndProject
Project("{9A19103F-16F7-4668-BE54-9A1E7A4F7556}") = "NetZapret.Wfp", "src\NetZapret.Wfp\NetZapret.Wfp.csproj", "{F9A8331E-1FF7-45B0-869A-C9B80A2CA650}"
EndProject
Project("{9A19103F-16F7-4668-BE54-9A1E7A4F7556}") = "NetZapret.Subscriptions", "src\NetZapret.Subscriptions\NetZapret.Subscriptions.csproj", "{C4FA5BED-F596-4E39-861C-91E5F3B8DE28}"
EndProject
Project("{9A19103F-16F7-4668-BE54-9A1E7A4F7556}") = "NetZapret.Proxy", "src\NetZapret.Proxy\NetZapret.Proxy.csproj", "{ED00E6C4-3930-428C-B291-E0CA6878F7B1}"
EndProject
Project("{9A19103F-16F7-4668-BE54-9A1E7A4F7556}") = "NetZapret.Dns", "src\NetZapret.Dns\NetZapret.Dns.csproj", "{E13B8491-33E2-40B5-94B7-413AB9B0D06C}"
EndProject
Project("{9A19103F-16F7-4668-BE54-9A1E7A4F7556}") = "NetZapret.Etw", "src\NetZapret.Etw\NetZapret.Etw.csproj", "{EB180F12-D15C-404F-93F7-925718858C89}"
EndProject
Project("{9A19103F-16F7-4668-BE54-9A1E7A4F7556}") = "NetZapret.Zapret", "src\NetZapret.Zapret\NetZapret.Zapret.csproj", "{98BAC926-F6A4-4695-B8CB-E7699DF4FFBD}"
EndProject
Project("{9A19103F-16F7-4668-BE54-9A1E7A4F7556}") = "NetZapret.Cli", "src\NetZapret.Cli\NetZapret.Cli.csproj", "{97B7786E-C7E5-4C9B-AE7D-A86F34E25296}"
EndProject
Project("{9A19103F-16F7-4668-BE54-9A1E7A4F7556}") = "NetZapret.Core.Tests", "tests\NetZapret.Core.Tests\NetZapret.Core.Tests.csproj", "{B7FFF7EF-7B59-403D-A270-77F281EF46A8}"
EndProject
Global
	GlobalSection(SolutionConfigurationPlatforms) = preSolution
		Debug|Any CPU = Debug|Any CPU
		Release|Any CPU = Release|Any CPU
	EndGlobalSection
	GlobalSection(ProjectConfigurationPlatforms) = postSolution
		{B56D3878-EF0A-4B22-BCEA-77BE7448A098}.Debug|Any CPU.ActiveCfg = Debug|Any CPU
		{B56D3878-EF0A-4B22-BCEA-77BE7448A098}.Debug|Any CPU.Build.0 = Debug|Any CPU
		{B56D3878-EF0A-4B22-BCEA-77BE7448A098}.Release|Any CPU.ActiveCfg = Release|Any CPU
		{B56D3878-EF0A-4B22-BCEA-77BE7448A098}.Release|Any CPU.Build.0 = Release|Any CPU
		{F9A8331E-1FF7-45B0-869A-C9B80A2CA650}.Debug|Any CPU.ActiveCfg = Debug|Any CPU
		{F9A8331E-1FF7-45B0-869A-C9B80A2CA650}.Debug|Any CPU.Build.0 = Debug|Any CPU
		{F9A8331E-1FF7-45B0-869A-C9B80A2CA650}.Release|Any CPU.ActiveCfg = Release|Any CPU
		{F9A8331E-1FF7-45B0-869A-C9B80A2CA650}.Release|Any CPU.Build.0 = Release|Any CPU
		{C4FA5BED-F596-4E39-861C-91E5F3B8DE28}.Debug|Any CPU.ActiveCfg = Debug|Any CPU
		{C4FA5BED-F596-4E39-861C-91E5F3B8DE28}.Debug|Any CPU.Build.0 = Debug|Any CPU
		{C4FA5BED-F596-4E39-861C-91E5F3B8DE28}.Release|Any CPU.ActiveCfg = Release|Any CPU
		{C4FA5BED-F596-4E39-861C-91E5F3B8DE28}.Release|Any CPU.Build.0 = Release|Any CPU
		{ED00E6C4-3930-428C-B291-E0CA6878F7B1}.Debug|Any CPU.ActiveCfg = Debug|Any CPU
		{ED00E6C4-3930-428C-B291-E0CA6878F7B1}.Debug|Any CPU.Build.0 = Debug|Any CPU
		{ED00E6C4-3930-428C-B291-E0CA6878F7B1}.Release|Any CPU.ActiveCfg = Release|Any CPU
		{ED00E6C4-3930-428C-B291-E0CA6878F7B1}.Release|Any CPU.Build.0 = Release|Any CPU
		{E13B8491-33E2-40B5-94B7-413AB9B0D06C}.Debug|Any CPU.ActiveCfg = Debug|Any CPU
		{E13B8491-33E2-40B5-94B7-413AB9B0D06C}.Debug|Any CPU.Build.0 = Debug|Any CPU
		{E13B8491-33E2-40B5-94B7-413AB9B0D06C}.Release|Any CPU.ActiveCfg = Release|Any CPU
		{E13B8491-33E2-40B5-94B7-413AB9B0D06C}.Release|Any CPU.Build.0 = Release|Any CPU
		{98BAC926-F6A4-4695-B8CB-E7699DF4FFBD}.Debug|Any CPU.ActiveCfg = Debug|Any CPU
		{98BAC926-F6A4-4695-B8CB-E7699DF4FFBD}.Debug|Any CPU.Build.0 = Debug|Any CPU
		{98BAC926-F6A4-4695-B8CB-E7699DF4FFBD}.Release|Any CPU.ActiveCfg = Release|Any CPU
		{98BAC926-F6A4-4695-B8CB-E7699DF4FFBD}.Release|Any CPU.Build.0 = Release|Any CPU
		{EB180F12-D15C-404F-93F7-925718858C89}.Debug|Any CPU.ActiveCfg = Debug|Any CPU
		{EB180F12-D15C-404F-93F7-925718858C89}.Debug|Any CPU.Build.0 = Debug|Any CPU
		{EB180F12-D15C-404F-93F7-925718858C89}.Release|Any CPU.ActiveCfg = Release|Any CPU
		{EB180F12-D15C-404F-93F7-925718858C89}.Release|Any CPU.Build.0 = Release|Any CPU
		{97B7786E-C7E5-4C9B-AE7D-A86F34E25296}.Debug|Any CPU.ActiveCfg = Debug|Any CPU
		{97B7786E-C7E5-4C9B-AE7D-A86F34E25296}.Debug|Any CPU.Build.0 = Debug|Any CPU
		{97B7786E-C7E5-4C9B-AE7D-A86F34E25296}.Release|Any CPU.ActiveCfg = Release|Any CPU
		{97B7786E-C7E5-4C9B-AE7D-A86F34E25296}.Release|Any CPU.Build.0 = Release|Any CPU
		{B7FFF7EF-7B59-403D-A270-77F281EF46A8}.Debug|Any CPU.ActiveCfg = Debug|Any CPU
		{B7FFF7EF-7B59-403D-A270-77F281EF46A8}.Debug|Any CPU.Build.0 = Debug|Any CPU
		{B7FFF7EF-7B59-403D-A270-77F281EF46A8}.Release|Any CPU.ActiveCfg = Release|Any CPU
		{B7FFF7EF-7B59-403D-A270-77F281EF46A8}.Release|Any CPU.Build.0 = Release|Any CPU
	EndGlobalSection
	GlobalSection(NestedProjects) = preSolution
		{B56D3878-EF0A-4B22-BCEA-77BE7448A098} = {1D1F4C2A-6B23-4E51-9B7E-2C4A8F6D0011}
		{F9A8331E-1FF7-45B0-869A-C9B80A2CA650} = {1D1F4C2A-6B23-4E51-9B7E-2C4A8F6D0011}
		{C4FA5BED-F596-4E39-861C-91E5F3B8DE28} = {1D1F4C2A-6B23-4E51-9B7E-2C4A8F6D0011}
		{ED00E6C4-3930-428C-B291-E0CA6878F7B1} = {1D1F4C2A-6B23-4E51-9B7E-2C4A8F6D0011}
		{E13B8491-33E2-40B5-94B7-413AB9B0D06C} = {1D1F4C2A-6B23-4E51-9B7E-2C4A8F6D0011}
		{EB180F12-D15C-404F-93F7-925718858C89} = {1D1F4C2A-6B23-4E51-9B7E-2C4A8F6D0011}
		{98BAC926-F6A4-4695-B8CB-E7699DF4FFBD} = {1D1F4C2A-6B23-4E51-9B7E-2C4A8F6D0011}
		{97B7786E-C7E5-4C9B-AE7D-A86F34E25296} = {1D1F4C2A-6B23-4E51-9B7E-2C4A8F6D0011}
		{B7FFF7EF-7B59-403D-A270-77F281EF46A8} = {1D1F4C2A-6B23-4E51-9B7E-2C4A8F6D0022}
	EndGlobalSection
EndGlobal
